
Microsoft Visual Studio Solution File, Format Version 12.00
# Visual Studio 14
VisualStudioVersion = 14.0.25420.1
MinimumVisualStudioVersion = 10.0.40219.1
Project("{FAE04EC0-301F-11D3-BF4B-00C04F79EFBC}") = "Task2", "Task2\Task2.csproj", "{F7F5F5A7-4FD2-4231-BF64-7F5CD154C741}"
EndProject
Project("{FAE04EC0-301F-11D3-BF4B-00C04F79EFBC}") = "Task2.Tests", "Task2.Tests\Task2.Tests.csproj", "{C424A535-DA51-4A65-BB79-779CE858E7E2}"
EndProject
Project("{FAE04EC0-301F-11D3-BF4B-00C04F79EFBC}") = "Task1", "Task1\Task1.csproj", "{F409A4F7-E15B-4A6D-A433-E7E2C15441E9}"
EndProject
Project("{FAE04EC0-301F-11D3-BF4B-00C04F79EFBC}") = "Task1UI", "Task1UI\Task1UI.csproj", "{971C7678-926F-49FC-8812-A48640ABB363}"
EndProject
Global
	GlobalSection(SolutionConfigurationPlatforms) = preSolution
		Debug|Any CPU = Debug|Any CPU
		Release|Any CPU = Release|Any CPU
	EndGlobalSection
	GlobalSection(ProjectConfigurationPlatforms) = postSolution
		{F7F5F5A7-4FD2-4231-BF64-7F5CD154C741}.Debug|Any CPU.ActiveCfg = Debug|Any CPU
		{F7F5F5A7-4FD2-4231-BF64-7F5CD154C741}.Debug|Any CPU.Build.0 = Debug|Any CPU
		{F7F5F5A7-4FD2-4231-BF64-7F5CD154C741}.Release|Any CPU.ActiveCfg = Release|Any CPU
		{F7F5F5A7-4FD2-4231-BF64-7F5CD154C741}.Release|Any CPU.Build.0 = Release|Any CPU
		{C424A535-DA51-4A65-BB79-779CE858E7E2}.Debug|Any CPU.ActiveCfg = Debug|Any CPU
		{C424A535-DA51-4A65-BB79-779CE858E7E2}.Debug|Any CPU.Build.0 = Debug|Any CPU
		{C424A535-DA51-4A65-BB79-779CE858E7E2}.Release|Any CPU.ActiveCfg = Release|Any CPU
		{C424A535-DA51-4A65-BB79-779CE858E7E2}.Release|Any CPU.Build.0 = Release|Any CPU
		{F409A4F7-E15B-4A6D-A433-E7E2C15441E9}.Debug|Any CPU.ActiveCfg = Debug|Any CPU
		{F409A4F7-E15B-4A6D-A433-E7E2C15441E9}.Debug|Any CPU.Build.0 = Debug|Any CPU
		{F409A4F7-E15B-4A6D-A433-E7E2C15441E9}.Release|Any CPU.ActiveCfg = Release|Any CPU
		{F409A4F7-E15B-4A6D-A433-E7E2C15441E9}.Release|Any CPU.Build.0 = Release|Any CPU
		{971C7678-926F-49FC-8812-A48640ABB363}.Debug|Any CPU.ActiveCfg = Debug|Any CPU
		{971C7678-926F-49FC-8812-A48640ABB363}.Debug|Any CPU.Build.0 = Debug|Any CPU
		{971C7678-926F-49FC-8812-A48640ABB363}.Release|Any CPU.ActiveCfg = Release|Any CPU
		{971C7678-926F-49FC-8812-A48640ABB363}.Release|Any CPU.Build.0 = Release|Any CPU
	EndGlobalSection
	GlobalSection(SolutionProperties) = preSolution
		HideSolutionNode = FALSE
	EndGlobalSection
EndGlobal
